PODS:
  - Flutter (1.0.0)
  - uuid_helper (0.0.1):
    - Flutter

DEPENDENCIES:
  - Flutter (from `Flutter`)
  - uuid_helper (from `.symlinks/plugins/uuid_helper/ios`)

EXTERNAL SOURCES:
  Flutter:
    :path: Flutter
  uuid_helper:
    :path: ".symlinks/plugins/uuid_helper/ios"

SPEC CHECKSUMS:
  Flutter: 0e3d915762c693b495b44d77113d4970485de6ec
  uuid_helper: ff6142bb41c28815609976c478af04bf5ea0c513

PODFILE CHECKSUM: aafe91acc616949ddb318b77800a7f51bffa2a4c

COCOAPODS: 1.9.3
